
Microsoft Visual Studio Solution File, Format Version 12.00
# Visual Studio Version 16
VisualStudioVersion = 16.0.31613.86
MinimumVisualStudioVersion = 10.0.40219.1
Project("{8BC9CEB8-8B4A-11D0-8D11-00A0C91BC942}") = "functionc", "functionc\functionc.vcxproj", "{0893D395-FC46-4C72-85BC-BE99F588A252}"
EndProject
Project("{888888A0-9F3D-457C-B088-3A5042F75D52}") = "PythonApplication1", "PythonApplication1\PythonApplication1.pyproj", "{A7896916-17A4-4D15-88E8-522B0AD1FD2F}"
EndProject
Global
	GlobalSection(SolutionConfigurationPlatforms) = preSolution
		Debug|Any CPU = Debug|Any CPU
		Debug|x64 = Debug|x64
		Debug|x86 = Debug|x86
		Release|Any CPU = Release|Any CPU
		Release|x64 = Release|x64
		Release|x86 = Release|x86
	EndGlobalSection
	GlobalSection(ProjectConfigurationPlatforms) = postSolution
		{0893D395-FC46-4C72-85BC-BE99F588A252}.Debug|Any CPU.ActiveCfg = Debug|Win32
		{0893D395-FC46-4C72-85BC-BE99F588A252}.Debug|x64.ActiveCfg = Debug|x64
		{0893D395-FC46-4C72-85BC-BE99F588A252}.Debug|x64.Build.0 = Debug|x64
		{0893D395-FC46-4C72-85BC-BE99F588A252}.Debug|x86.ActiveCfg = Debug|Win32
		{0893D395-FC46-4C72-85BC-BE99F588A252}.Debug|x86.Build.0 = Debug|Win32
		{0893D395-FC46-4C72-85BC-BE99F588A252}.Release|Any CPU.ActiveCfg = Release|Win32
		{0893D395-FC46-4C72-85BC-BE99F588A252}.Release|x64.ActiveCfg = Release|x64
		{0893D395-FC46-4C72-85BC-BE99F588A252}.Release|x64.Build.0 = Release|x64
		{0893D395-FC46-4C72-85BC-BE99F588A252}.Release|x86.ActiveCfg = Release|Win32
		{0893D395-FC46-4C72-85BC-BE99F588A252}.Release|x86.Build.0 = Release|Win32
		{A7896916-17A4-4D15-88E8-522B0AD1FD2F}.Debug|Any CPU.ActiveCfg = Debug|Any CPU
		{A7896916-17A4-4D15-88E8-522B0AD1FD2F}.Debug|x64.ActiveCfg = Debug|Any CPU
		{A7896916-17A4-4D15-88E8-522B0AD1FD2F}.Debug|x86.ActiveCfg = Debug|Any CPU
		{A7896916-17A4-4D15-88E8-522B0AD1FD2F}.Release|Any CPU.ActiveCfg = Release|Any CPU
		{A7896916-17A4-4D15-88E8-522B0AD1FD2F}.Release|x64.ActiveCfg = Release|Any CPU
		{A7896916-17A4-4D15-88E8-522B0AD1FD2F}.Release|x86.ActiveCfg = Release|Any CPU
	EndGlobalSection
	GlobalSection(SolutionProperties) = preSolution
		HideSolutionNode = FALSE
	EndGlobalSection
	GlobalSection(ExtensibilityGlobals) = postSolution
		SolutionGuid = {B2DB95AE-DD34-438A-A383-E5A9D1B53358}
	EndGlobalSection
EndGlobal
